{
  "name": "languagetech",
  "version": "1.0.0",
  "lockfileVersion": 3,
  "requires": true,
  "packages": {
    "": {
      "name": "languagetech",
      "version": "1.0.0",
      "license": "ISC",
      "dependencies": {
        "@cloudbase/js-sdk": "^2.19.2",
        "@vant/weapp": "^1.11.5"
      }
    },
    "node_modules/@cloudbase/adapter-interface": {
      "version": "0.7.1",
      "resolved": "https://registry.npmjs.org/@cloudbase/adapter-interface/-/adapter-interface-0.7.1.tgz",
      "integrity": "sha512-BjHTAvIMSLxbp26SeT6qLiSSBygz3kAVno/PMwwBwjgzVkVUvuZGVcvf1mhHxY/BjdRGLrd6X60OgvymV/aAUw==",
      "license": "ISC"
    },
    "node_modules/@cloudbase/adapter-wx_mp": {
      "version": "1.2.0",
      "resolved": "https://registry.npmjs.org/@cloudbase/adapter-wx_mp/-/adapter-wx_mp-1.2.0.tgz",
      "integrity": "sha512-+ie6CuDa5u0IY8dAe2cfEBL2beCXRmyFUPfz8XeQ9FGpOwhJ/dRUFreErxIEgIN4LqAqht0njkyuBn7oXroLpg==",
      "license": "ISC",
      "dependencies": {
        "@cloudbase/adapter-interface": "^0.7.0",
        "web-streams-polyfill": "^4.0.0"
      }
    },
    "node_modules/@cloudbase/ai": {
      "version": "2.19.2",
      "resolved": "https://registry.npmjs.org/@cloudbase/ai/-/ai-2.19.2.tgz",
      "integrity": "sha512-DiWg3lRjr33K/yfFn85KRcZmsiVJHuDf0H6YmscHxeqAF7Eq+dXjW5MkPe5Bg7rgWopC3QvBn/LBD1NJouKzOQ==",
      "license": "Apache-2.0",
      "dependencies": {
        "@cloudbase/types": "2.19.2",
        "@mattiasbuelens/web-streams-adapter": "^0.1.0",
        "text-encoding-shim": "^1.0.5",
        "web-streams-polyfill": "^4.0.0"
      }
    },
    "node_modules/@cloudbase/analytics": {
      "version": "2.19.2",
      "resolved": "https://registry.npmjs.org/@cloudbase/analytics/-/analytics-2.19.2.tgz",
      "integrity": "sha512-v3iVEPa173/laLhxcjRlENVUYgWE1IgRRvcGnqDs5RLskkHzU2t/DQGpwJDG/3yf752KxpcHS4+52DQqSI9viw==",
      "license": "Apache-2.0",
      "dependencies": {
        "@cloudbase/types": "2.19.2",
        "@cloudbase/utilities": "2.19.2"
      }
    },
    "node_modules/@cloudbase/app": {
      "version": "2.19.2",
      "resolved": "https://registry.npmjs.org/@cloudbase/app/-/app-2.19.2.tgz",
      "integrity": "sha512-dJnDdYR+QUE0zqDkDQxH4YoZ8r8DBx2Q0TZ5Kl2ddqYxxvQhJsuzQiDVix4hu7klEYE37QQjt6dggKiucg2U0Q==",
      "license": "Apache-2.0",
      "dependencies": {
        "@cloudbase/adapter-interface": "^0.7.1",
        "@cloudbase/adapter-wx_mp": "^1.2.0",
        "@cloudbase/types": "2.19.2",
        "@cloudbase/utilities": "2.19.2"
      }
    },
    "node_modules/@cloudbase/auth": {
      "version": "2.19.2",
      "resolved": "https://registry.npmjs.org/@cloudbase/auth/-/auth-2.19.2.tgz",
      "integrity": "sha512-kaL1p3Oqx79ZiUorVzQvT5j6DYYRCXiXm7intR9BHjUp6tyDYHOAzi1UGx9y79lxn7PxDpcMHcr0Ksc538fELA==",
      "license": "Apache-2.0",
      "dependencies": {
        "@cloudbase/adapter-wx_mp": "1.2.0",
        "@cloudbase/oauth": "2.19.2",
        "@cloudbase/utilities": "2.19.2"
      }
    },
    "node_modules/@cloudbase/cloudrun": {
      "version": "2.19.2",
      "resolved": "https://registry.npmjs.org/@cloudbase/cloudrun/-/cloudrun-2.19.2.tgz",
      "integrity": "sha512-VsyaxpR7PoDCtIjwksaCo7iw9PFJ93zTty3swsFEJlF3xTlM5xDPsAxvDFUfnuPkso+5znv19bbpkPkdyvpZcw==",
      "license": "Apache-2.0",
      "dependencies": {
        "@cloudbase/adapter-interface": "^0.7.1",
        "@cloudbase/types": "2.19.2",
        "@cloudbase/utilities": "2.19.2"
      }
    },
    "node_modules/@cloudbase/database": {
      "version": "0.9.22",
      "resolved": "https://registry.npmjs.org/@cloudbase/database/-/database-0.9.22.tgz",
      "integrity": "sha512-Q3QFi3uIfZaJFYdR00JOBdWTt4QbFCY95OciEW20Vhh6WQKAv2mecYoxw57OGeNCECLM8/5uAFPq4xVYEjakxA==",
      "license": "ISC",
      "dependencies": {
        "bson": "^4.0.2"
      }
    },
    "node_modules/@cloudbase/functions": {
      "version": "2.19.2",
      "resolved": "https://registry.npmjs.org/@cloudbase/functions/-/functions-2.19.2.tgz",
      "integrity": "sha512-MLjJ8kRUmfv6G6nEI225ZAb2B1QdcPazLGfJ9DoxSR2uX/jhHRqJzqTPi8FizR98Vtt3Y6mvpxN2iiUUYxyQeA==",
      "license": "Apache-2.0",
      "dependencies": {
        "@cloudbase/adapter-interface": "^0.7.1",
        "@cloudbase/cloudrun": "2.19.2",
        "@cloudbase/types": "2.19.2",
        "@cloudbase/utilities": "2.19.2"
      }
    },
    "node_modules/@cloudbase/js-sdk": {
      "version": "2.19.2",
      "resolved": "https://registry.npmjs.org/@cloudbase/js-sdk/-/js-sdk-2.19.2.tgz",
      "integrity": "sha512-Qo3reULwKmVDrjH2lDx8UOx+4kI8PBWAPoFBdeWDTilkUkCkW0CFB7ksDL3MvOl4A+SIF4z+WLdzGHteEcXMyQ==",
      "license": "Apache-2.0",
      "dependencies": {
        "@cloudbase/adapter-interface": "^0.7.1",
        "@cloudbase/ai": "2.19.2",
        "@cloudbase/analytics": "2.19.2",
        "@cloudbase/app": "2.19.2",
        "@cloudbase/auth": "2.19.2",
        "@cloudbase/cloudrun": "2.19.2",
        "@cloudbase/database": "0.9.22",
        "@cloudbase/functions": "2.19.2",
        "@cloudbase/model": "2.19.2",
        "@cloudbase/realtime": "2.19.2",
        "@cloudbase/storage": "2.19.2",
        "@cloudbase/types": "2.19.2",
        "@cloudbase/utilities": "2.19.2"
      }
    },
    "node_modules/@cloudbase/model": {
      "version": "2.19.2",
      "resolved": "https://registry.npmjs.org/@cloudbase/model/-/model-2.19.2.tgz",
      "integrity": "sha512-OUMYAxjc2C11YYKUMzZmm3dfznabWfrslsqMmoLeqkEZTa8xkSSMiFfREbtP7lSDRULXUkVC+PCp3DWO+69pOw==",
      "license": "Apache-2.0",
      "dependencies": {
        "@cloudbase/types": "2.19.2",
        "@cloudbase/utilities": "2.19.2",
        "@cloudbase/wx-cloud-client-sdk": "^1.5.0"
      }
    },
    "node_modules/@cloudbase/oauth": {
      "version": "2.19.2",
      "resolved": "https://registry.npmjs.org/@cloudbase/oauth/-/oauth-2.19.2.tgz",
      "integrity": "sha512-YrpLLQeZ47rF2cUHFytv+0yQHUQZ2TrLHoGKmsvA7+zNYgmOp7/BqBp7mAOViHhp2/z7SfS7qSCrn8Uic0sT9w==",
      "license": "Apache-2.0"
    },
    "node_modules/@cloudbase/realtime": {
      "version": "2.19.2",
      "resolved": "https://registry.npmjs.org/@cloudbase/realtime/-/realtime-2.19.2.tgz",
      "integrity": "sha512-sF8dmGe5MgbLrT6q8JHUeMaTA6XnjwE/XdLh/4w3G8xku76Cm5u93hIpGnisp3J4+eQnBJY9z4haz9rCmYjOSg==",
      "license": "Apache-2.0",
      "dependencies": {
        "@cloudbase/types": "2.19.2",
        "lodash": "^4.17.21"
      }
    },
    "node_modules/@cloudbase/storage": {
      "version": "2.19.2",
      "resolved": "https://registry.npmjs.org/@cloudbase/storage/-/storage-2.19.2.tgz",
      "integrity": "sha512-VY5ULpgrpXoMKuKKfKE+GWVKTpdcNbQDlgbXiprJ8raC8q12VKqBRJyo9un5+OIzAHsSfowavMSbNJHY5F1j6g==",
      "license": "Apache-2.0",
      "dependencies": {
        "@cloudbase/types": "2.19.2",
        "@cloudbase/utilities": "2.19.2"
      }
    },
    "node_modules/@cloudbase/types": {
      "version": "2.19.2",
      "resolved": "https://registry.npmjs.org/@cloudbase/types/-/types-2.19.2.tgz",
      "integrity": "sha512-Ad4cdJ8PQdQ4HKvkLq50Uk1afv706w+V4NWqv+4gOz0gGD0Y3ZAwJMtgjiTHSHV/sOvltAsZCGn5eUfeG3J6qw==",
      "license": "Apache-2.0",
      "dependencies": {
        "@cloudbase/adapter-interface": "^0.7.1"
      }
    },
    "node_modules/@cloudbase/utilities": {
      "version": "2.19.2",
      "resolved": "https://registry.npmjs.org/@cloudbase/utilities/-/utilities-2.19.2.tgz",
      "integrity": "sha512-327LA2vH8xzSD32NtvYDsLAyMFFbcZ07Ah0FHG5VAkJpPTQyYhngtbFMyMxupXTxT6YnlpU6QjYZN5llu5Nb9g==",
      "license": "Apache-2.0",
      "dependencies": {
        "@cloudbase/adapter-interface": "^0.7.1",
        "@cloudbase/types": "2.19.2",
        "jwt-decode": "^3.1.2"
      }
    },
    "node_modules/@cloudbase/wx-cloud-client-sdk": {
      "version": "1.6.1",
      "resolved": "https://registry.npmjs.org/@cloudbase/wx-cloud-client-sdk/-/wx-cloud-client-sdk-1.6.1.tgz",
      "integrity": "sha512-TeLhz+LMlTe1bZiCbwflU2nXX4FHXnLk1ojbrOfY9ki1gO1gYll9Snl2g3zBhiTGye/OfhzBEDCwVhGxzOxs4Q=="
    },
    "node_modules/@mattiasbuelens/web-streams-adapter": {
      "version": "0.1.0",
      "resolved": "https://registry.npmjs.org/@mattiasbuelens/web-streams-adapter/-/web-streams-adapter-0.1.0.tgz",
      "integrity": "sha512-oV4PyZfwJNtmFWhvlJLqYIX1Nn22ML8FZpS16ZUKv0hg7414xV1fjsGqxQzLT2dyK92TKxsJSwMOd7VNHAtPmA==",
      "license": "MIT",
      "engines": {
        "node": ">= 12"
      }
    },
    "node_modules/@vant/weapp": {
      "version": "1.11.7",
      "resolved": "https://registry.npmjs.org/@vant/weapp/-/weapp-1.11.7.tgz",
      "integrity": "sha512-Rwn9BBnb4kHSV4XmvBicwtd42J+amEUfnFDcXJsGNPNX4a9c/DoT6YLsm4X1wB2+sQbdiQsbFBLAvGRBxCkD8g==",
      "license": "MIT"
    },
    "node_modules/base64-js": {
      "version": "1.5.1",
      "resolved": "https://registry.npmjs.org/base64-js/-/base64-js-1.5.1.tgz",
      "integrity": "sha512-AKpaYlHn8t4SVbOHCy+b5+KKgvR4vrsD8vbvrbiQJps7fKDTkjkDry6ji0rUJjC0kzbNePLwzxq8iypo41qeWA==",
      "funding": [
        {
          "type": "github",
          "url": "https://github.com/sponsors/feross"
        },
        {
          "type": "patreon",
          "url": "https://www.patreon.com/feross"
        },
        {
          "type": "consulting",
          "url": "https://feross.org/support"
        }
      ],
      "license": "MIT"
    },
    "node_modules/bson": {
      "version": "4.7.2",
      "resolved": "https://registry.npmjs.org/bson/-/bson-4.7.2.tgz",
      "integrity": "sha512-Ry9wCtIZ5kGqkJoi6aD8KjxFZEx78guTQDnpXWiNthsxzrxAK/i8E6pCHAIZTbaEFWcOCvbecMukfK7XUvyLpQ==",
      "license": "Apache-2.0",
      "dependencies": {
        "buffer": "^5.6.0"
      },
      "engines": {
        "node": ">=6.9.0"
      }
    },
    "node_modules/buffer": {
      "version": "5.7.1",
      "resolved": "https://registry.npmjs.org/buffer/-/buffer-5.7.1.tgz",
      "integrity": "sha512-EHcyIPBQ4BSGlvjB16k5KgAJ27CIsHY/2JBmCRReo48y9rQ3MaUzWX3KVlBa4U7MyX02HdVj0K7C3WaB3ju7FQ==",
      "funding": [
        {
          "type": "github",
          "url": "https://github.com/sponsors/feross"
        },
        {
          "type": "patreon",
          "url": "https://www.patreon.com/feross"
        },
        {
          "type": "consulting",
          "url": "https://feross.org/support"
        }
      ],
      "license": "MIT",
      "dependencies": {
        "base64-js": "^1.3.1",
        "ieee754": "^1.1.13"
      }
    },
    "node_modules/ieee754": {
      "version": "1.2.1",
      "resolved": "https://registry.npmjs.org/ieee754/-/ieee754-1.2.1.tgz",
      "integrity": "sha512-dcyqhDvX1C46lXZcVqCpK+FtMRQVdIMN6/Df5js2zouUsqG7I6sFxitIC+7KYK29KdXOLHdu9zL4sFnoVQnqaA==",
      "funding": [
        {
          "type": "github",
          "url": "https://github.com/sponsors/feross"
        },
        {
          "type": "patreon",
          "url": "https://www.patreon.com/feross"
        },
        {
          "type": "consulting",
          "url": "https://feross.org/support"
        }
      ],
      "license": "BSD-3-Clause"
    },
    "node_modules/jwt-decode": {
      "version": "3.1.2",
      "resolved": "https://registry.npmjs.org/jwt-decode/-/jwt-decode-3.1.2.tgz",
      "integrity": "sha512-UfpWE/VZn0iP50d8cz9NrZLM9lSWhcJ+0Gt/nm4by88UL+J1SiKN8/5dkjMmbEzwL2CAe+67GsegCbIKtbp75A==",
      "license": "MIT"
    },
    "node_modules/lodash": {
      "version": "4.17.21",
      "resolved": "https://registry.npmjs.org/lodash/-/lodash-4.17.21.tgz",
      "integrity": "sha512-v2kDEe57lecTulaDIuNTPy3Ry4gLGJ6Z1O3vE1krgXZNrsQ+LFTGHVxVjcXPs17LhbZVGedAJv8XZ1tvj5FvSg==",
      "license": "MIT"
    },
    "node_modules/text-encoding-shim": {
      "version": "1.0.5",
      "resolved": "https://registry.npmjs.org/text-encoding-shim/-/text-encoding-shim-1.0.5.tgz",
      "integrity": "sha512-H7yYW+jRn4yhu60ygZ2f/eMhXPITRt4QSUTKzLm+eCaDsdX8avmgWpmtmHAzesjBVUTAypz9odu5RKUjX5HNYA==",
      "license": "MIT"
    },
    "node_modules/web-streams-polyfill": {
      "version": "4.1.0",
      "resolved": "https://registry.npmjs.org/web-streams-polyfill/-/web-streams-polyfill-4.1.0.tgz",
      "integrity": "sha512-A7Jxrg7+eV+eZR/CIdESDnRGFb6/bcKukGvJBB5snI6cw3is1c2qamkYstC1bY1p08TyMRlN9eTMkxmnKJBPBw==",
      "license": "MIT",
      "engines": {
        "node": ">= 8"
      }
    }
  }
}
